<?xml version="1.0" encoding="utf-8"?>
<Project ToolsVersion="4.0" xmlns="http://schemas.microsoft.com/developer/msbuild/2003">
  <ItemGroup>
    <Filter Include="Source Files">
      <UniqueIdentifier>{aba1d919-d95c-4c3f-a495-be0375bab184}</UniqueIdentifier>
      <Extensions>cpp;c;cxx;rc;def;r;odl;idl;hpj;bat</Extensions>
    </Filter>
    <Filter Include="Header Files">
      <UniqueIdentifier>{0295d938-2af6-4393-9785-4b7b122313c9}</UniqueIdentifier>
      <Extensions>h;hpp;hxx;hm;inl</Extensions>
    </Filter>
  </ItemGroup>
  <ItemGroup>
    <ClInclude Include="..\public\tier1\appinstance.h">
      <Filter>Header Files</Filter>
    </ClInclude>
    <ClInclude Include="..\public\tier1\bitbuf.h">
      <Filter>Header Files</Filter>
    </ClInclude>
    <ClInclude Include="..\public\tier1\callqueue.h">
      <Filter>Header Files</Filter>
    </ClInclude>
    <ClInclude Include="..\public\tier1\checksum_sha1.h">
      <Filter>Header Files</Filter>
    </ClInclude>
    <ClInclude Include="..\public\tier1\circularbuffer.h">
      <Filter>Header Files</Filter>
    </ClInclude>
    <ClInclude Include="..\public\tier1\convar.h">
      <Filter>Header Files</Filter>
    </ClInclude>
    <ClInclude Include="..\public\tier1\datamanager.h">
      <Filter>Header Files</Filter>
    </ClInclude>
    <ClInclude Include="..\public\datamap.h">
      <Filter>Header Files</Filter>
    </ClInclude>
    <ClInclude Include="..\public\tier1\delegates.h">
      <Filter>Header Files</Filter>
    </ClInclude>
    <ClInclude Include="..\public\tier1\fmtstr.h">
      <Filter>Header Files</Filter>
    </ClInclude>
    <ClInclude Include="..\public\tier1\functors.h">
      <Filter>Header Files</Filter>
    </ClInclude>
    <ClInclude Include="..\public\tier1\generichash.h">
      <Filter>Header Files</Filter>
    </ClInclude>
    <ClInclude Include="..\public\tier1\iconvar.h">
      <Filter>Header Files</Filter>
    </ClInclude>
    <ClInclude Include="..\public\tier1\interface.h">
      <Filter>Header Files</Filter>
    </ClInclude>
    <ClInclude Include="..\public\tier1\interpolatedvar.h">
      <Filter>Header Files</Filter>
    </ClInclude>
    <ClInclude Include="..\public\tier1\kvpacker.h">
      <Filter>Header Files</Filter>
    </ClInclude>
    <ClInclude Include="..\public\tier1\lerp_functions.h">
      <Filter>Header Files</Filter>
    </ClInclude>
    <ClInclude Include="..\public\tier1\lzmaDecoder.h">
      <Filter>Header Files</Filter>
    </ClInclude>
    <ClInclude Include="..\public\tier1\lzss.h">
      <Filter>Header Files</Filter>
    </ClInclude>
    <ClInclude Include="..\public\tier1\miniprofiler_hash.h">
      <Filter>Header Files</Filter>
    </ClInclude>
    <ClInclude Include="..\public\tier1\processor_detect.h">
      <Filter>Header Files</Filter>
    </ClInclude>
    <ClInclude Include="..\public\tier1\rangecheckedvar.h">
      <Filter>Header Files</Filter>
    </ClInclude>
    <ClInclude Include="..\public\tier1\refcount.h">
      <Filter>Header Files</Filter>
    </ClInclude>
    <ClInclude Include="..\public\tier1\smartptr.h">
      <Filter>Header Files</Filter>
    </ClInclude>
    <ClInclude Include="..\public\tier1\sparsematrix.h">
      <Filter>Header Files</Filter>
    </ClInclude>
    <ClInclude Include="..\public\tier1\tier1.h">
      <Filter>Header Files</Filter>
    </ClInclude>
    <ClInclude Include="..\public\tier1\tier1_logging.h">
      <Filter>Header Files</Filter>
    </ClInclude>
    <ClInclude Include="..\public\tier1\timeutils.h">
      <Filter>Header Files</Filter>
    </ClInclude>
    <ClInclude Include="..\public\tier1\tokenset.h">
      <Filter>Header Files</Filter>
    </ClInclude>
    <ClInclude Include="..\public\tier1\utlbidirectionalset.h">
      <Filter>Header Files</Filter>
    </ClInclude>
    <ClInclude Include="..\public\tier1\utlblockmemory.h">
      <Filter>Header Files</Filter>
    </ClInclude>
    <ClInclude Include="..\public\tier1\utlcommon.h">
      <Filter>Header Files</Filter>
    </ClInclude>
    <ClInclude Include="..\public\tier1\utldict.h">
      <Filter>Header Files</Filter>
    </ClInclude>
    <ClInclude Include="..\public\tier1\utlenvelope.h">
      <Filter>Header Files</Filter>
    </ClInclude>
    <ClInclude Include="..\public\tier1\utlfixedmemory.h">
      <Filter>Header Files</Filter>
    </ClInclude>
    <ClInclude Include="..\public\tier1\utlhandletable.h">
      <Filter>Header Files</Filter>
    </ClInclude>
    <ClInclude Include="..\public\tier1\utlhash.h">
      <Filter>Header Files</Filter>
    </ClInclude>
    <ClInclude Include="..\public\tier1\utlhashtable.h">
      <Filter>Header Files</Filter>
    </ClInclude>
    <ClInclude Include="..\public\tier1\utllinkedlist.h">
      <Filter>Header Files</Filter>
    </ClInclude>
    <ClInclude Include="..\public\tier1\utlmap.h">
      <Filter>Header Files</Filter>
    </ClInclude>
    <ClInclude Include="..\public\tier1\utlmemory.h">
      <Filter>Header Files</Filter>
    </ClInclude>
    <ClInclude Include="..\public\tier1\utlmultilist.h">
      <Filter>Header Files</Filter>
    </ClInclude>
    <ClInclude Include="..\public\tier1\utlpriorityqueue.h">
      <Filter>Header Files</Filter>
    </ClInclude>
    <ClInclude Include="..\public\tier1\utlqueue.h">
      <Filter>Header Files</Filter>
    </ClInclude>
    <ClInclude Include="..\public\tier1\utlrbtree.h">
      <Filter>Header Files</Filter>
    </ClInclude>
    <ClInclude Include="..\public\tier1\utlsoacontainer.h">
      <Filter>Header Files</Filter>
    </ClInclude>
    <ClInclude Include="..\public\tier1\utlsortvector.h">
      <Filter>Header Files</Filter>
    </ClInclude>
    <ClInclude Include="..\public\tier1\utlstack.h">
      <Filter>Header Files</Filter>
    </ClInclude>
    <ClInclude Include="..\public\tier1\utlstringmap.h">
      <Filter>Header Files</Filter>
    </ClInclude>
    <ClInclude Include="..\public\tier1\utlstringtoken.h">
      <Filter>Header Files</Filter>
    </ClInclude>
    <ClInclude Include="..\public\tier0\utlsymbol.h">
      <Filter>Header Files</Filter>
    </ClInclude>
    <ClInclude Include="..\public\tier1\utltscache.h">
      <Filter>Header Files</Filter>
    </ClInclude>
    <ClInclude Include="..\public\tier1\utlvector.h">
      <Filter>Header Files</Filter>
    </ClInclude>
    <ClInclude Include="..\common\xbox\xboxstubs.h">
      <Filter>Header Files</Filter>
    </ClInclude>
    <ClInclude Include="..\public\tier1\CommandBuffer.h">
      <Filter>Header Files</Filter>
    </ClInclude>
  </ItemGroup>
  <ItemGroup>
    <ClCompile Include="appinstance.cpp">
      <Filter>Source Files</Filter>
    </ClCompile>
    <ClCompile Include="bitbuf.cpp">
      <Filter>Source Files</Filter>
    </ClCompile>
    <ClCompile Include="checksum_sha1.cpp">
      <Filter>Source Files</Filter>
    </ClCompile>
    <ClCompile Include="convar.cpp">
      <Filter>Source Files</Filter>
    </ClCompile>
    <ClCompile Include="generichash.cpp">
      <Filter>Source Files</Filter>
    </ClCompile>
    <ClCompile Include="kvpacker.cpp">
      <Filter>Source Files</Filter>
    </ClCompile>
    <ClCompile Include="lzmaDecoder.cpp">
      <Filter>Source Files</Filter>
    </ClCompile>
    <ClCompile Include="lzss.cpp">
      <Filter>Source Files</Filter>
    </ClCompile>
    <ClCompile Include="memoverride_dummy.cpp">
      <Filter>Source Files</Filter>
    </ClCompile>
    <ClCompile Include="miniprofiler_hash.cpp">
      <Filter>Source Files</Filter>
    </ClCompile>
    <ClCompile Include="newbitbuf.cpp">
      <Filter>Source Files</Filter>
    </ClCompile>
    <ClCompile Include="processor_detect.cpp">
      <Filter>Source Files</Filter>
    </ClCompile>
    <ClCompile Include="rangecheckedvar.cpp">
      <Filter>Source Files</Filter>
    </ClCompile>
    <ClCompile Include="sparsematrix.cpp">
      <Filter>Source Files</Filter>
    </ClCompile>
    <ClCompile Include="tier1.cpp">
      <Filter>Source Files</Filter>
    </ClCompile>
    <ClCompile Include="tier1_logging.cpp">
      <Filter>Source Files</Filter>
    </ClCompile>
    <ClCompile Include="timeutils.cpp">
      <Filter>Source Files</Filter>
    </ClCompile>
    <ClCompile Include="utlbufferutil.cpp">
      <Filter>Source Files</Filter>
    </ClCompile>
    <ClCompile Include="utlsoacontainer.cpp">
      <Filter>Source Files</Filter>
    </ClCompile>
    <ClCompile Include="keyvalues3.cpp">
      <Filter>Source Files</Filter>
    </ClCompile>
  </ItemGroup>
</Project>